<?xml version="1.0" encoding="utf-8"?>
<Project ToolsVersion="4.0" xmlns="http://schemas.microsoft.com/developer/msbuild/2003">
  <ItemGroup>
    <Filter Include="Source Files">
      <UniqueIdentifier>{4FC737F1-C7A5-4376-A066-2A32D752A2FF}</UniqueIdentifier>
      <Extensions>cpp;c;cc;cxx;def;odl;idl;hpj;bat;asm;asmx</Extensions>
    </Filter>
    <Filter Include="Header Files">
      <UniqueIdentifier>{93995380-89BD-4b04-88EB-625FBE52EBFB}</UniqueIdentifier>
      <Extensions>h;hpp;hxx;hm;inl;inc;xsd</Extensions>
    </Filter>
    <Filter Include="Resource Files">
      <UniqueIdentifier>{67DA6AB6-F800-4c08-8B7A-83BB121AAD01}</UniqueIdentifier>
      <Extensions>rc;ico;cur;bmp;dlg;rc2;rct;bin;rgs;gif;jpg;jpeg;jpe;resx;tiff;tif;png;wav</Extensions>
    </Filter>
  </ItemGroup>
  <ItemGroup>
    <ClCompile Include="DatabaseEntryDlg.cpp">
      <Filter>Source Files</Filter>
    </ClCompile>
    <ClCompile Include="DATFileInfoDlg.cpp">
      <Filter>Source Files</Filter>
    </ClCompile>
    <ClCompile Include="datQueryDlg.cpp">
      <Filter>Source Files</Filter>
    </ClCompile>
    <ClCompile Include="dizInfo.cpp">
      <Filter>Source Files</Filter>
    </ClCompile>
    <ClCompile Include="DOSCenter.cpp">
      <Filter>Source Files</Filter>
    </ClCompile>
    <ClCompile Include="DOSCenterDlg.cpp">
      <Filter>Source Files</Filter>
    </ClCompile>
    <ClCompile Include="FileIDDizEditDlg.cpp">
      <Filter>Source Files</Filter>
    </ClCompile>
    <ClCompile Include="FileStuff.cpp">
      <Filter>Source Files</Filter>
    </ClCompile>
    <ClCompile Include="HaveMissConfig.cpp">
      <Filter>Source Files</Filter>
    </ClCompile>
    <ClCompile Include="HaveMissDlg.cpp">
      <Filter>Source Files</Filter>
    </ClCompile>
    <ClCompile Include="HexCompareDlg.cpp">
      <Filter>Source Files</Filter>
    </ClCompile>
    <ClCompile Include="NewFilenameDlg.cpp">
      <Filter>Source Files</Filter>
    </ClCompile>
    <ClCompile Include="PopupViewerDlg.cpp">
      <Filter>Source Files</Filter>
    </ClCompile>
    <ClCompile Include="PopupViewerTxtDlg.cpp">
      <Filter>Source Files</Filter>
    </ClCompile>
    <ClCompile Include="ProgressDlg.cpp">
      <Filter>Source Files</Filter>
    </ClCompile>
    <ClCompile Include="Registry.cpp">
      <Filter>Source Files</Filter>
    </ClCompile>
    <ClCompile Include="SADirRead.cpp">
      <Filter>Source Files</Filter>
    </ClCompile>
    <ClCompile Include="ScoringSetupDlg.cpp">
      <Filter>Source Files</Filter>
    </ClCompile>
    <ClCompile Include="SettingsandTools.cpp">
      <Filter>Source Files</Filter>
    </ClCompile>
    <ClCompile Include="SortHeaderCtrl.cpp">
      <Filter>Source Files</Filter>
    </ClCompile>
    <ClCompile Include="SortListCtrl.cpp">
      <Filter>Source Files</Filter>
    </ClCompile>
    <ClCompile Include="SplitterControl.cpp">
      <Filter>Source Files</Filter>
    </ClCompile>
    <ClCompile Include="stdafx.cpp">
      <Filter>Source Files</Filter>
    </ClCompile>
    <ClCompile Include="stringx.cpp">
      <Filter>Source Files</Filter>
    </ClCompile>
    <ClCompile Include="XUnzip.cpp">
      <Filter>Source Files</Filter>
    </ClCompile>
    <ClCompile Include="XZip.cpp">
      <Filter>Source Files</Filter>
    </ClCompile>
    <ClCompile Include="TDCSet.cpp">
      <Filter>Source Files</Filter>
    </ClCompile>
    <ClCompile Include="Similar.cpp">
      <Filter>Source Files</Filter>
    </ClCompile>
    <ClCompile Include="PickListDlg.cpp">
      <Filter>Source Files</Filter>
    </ClCompile>
  </ItemGroup>
  <ItemGroup>
    <ClInclude Include="DatabaseEntryDlg.h">
      <Filter>Header Files</Filter>
    </ClInclude>
    <ClInclude Include="DATFileInfoDlg.h">
      <Filter>Header Files</Filter>
    </ClInclude>
    <ClInclude Include="datQueryDlg.h">
      <Filter>Header Files</Filter>
    </ClInclude>
    <ClInclude Include="dizInfo.h">
      <Filter>Header Files</Filter>
    </ClInclude>
    <ClInclude Include="DOSCenter.h">
      <Filter>Header Files</Filter>
    </ClInclude>
    <ClInclude Include="DOSCenterDlg.h">
      <Filter>Header Files</Filter>
    </ClInclude>
    <ClInclude Include="EasySize.h">
      <Filter>Header Files</Filter>
    </ClInclude>
    <ClInclude Include="FileIDDizEditDlg.h">
      <Filter>Header Files</Filter>
    </ClInclude>
    <ClInclude Include="FileStuff.h">
      <Filter>Header Files</Filter>
    </ClInclude>
    <ClInclude Include="HaveMissConfig.h">
      <Filter>Header Files</Filter>
    </ClInclude>
    <ClInclude Include="HaveMissDlg.h">
      <Filter>Header Files</Filter>
    </ClInclude>
    <ClInclude Include="HexCompareDlg.h">
      <Filter>Header Files</Filter>
    </ClInclude>
    <ClInclude Include="NewFilenameDlg.h">
      <Filter>Header Files</Filter>
    </ClInclude>
    <ClInclude Include="PopupViewerDlg.h">
      <Filter>Header Files</Filter>
    </ClInclude>
    <ClInclude Include="PopupViewerTxtDlg.h">
      <Filter>Header Files</Filter>
    </ClInclude>
    <ClInclude Include="ProgressDlg.h">
      <Filter>Header Files</Filter>
    </ClInclude>
    <ClInclude Include="RegEntry.h">
      <Filter>Header Files</Filter>
    </ClInclude>
    <ClInclude Include="Registry.h">
      <Filter>Header Files</Filter>
    </ClInclude>
    <ClInclude Include="Resource.h">
      <Filter>Header Files</Filter>
    </ClInclude>
    <ClInclude Include="SADirRead.h">
      <Filter>Header Files</Filter>
    </ClInclude>
    <ClInclude Include="ScoringSetupDlg.h">
      <Filter>Header Files</Filter>
    </ClInclude>
    <ClInclude Include="SettingsandTools.h">
      <Filter>Header Files</Filter>
    </ClInclude>
    <ClInclude Include="SortHeaderCtrl.h">
      <Filter>Header Files</Filter>
    </ClInclude>
    <ClInclude Include="SortListCtrl.h">
      <Filter>Header Files</Filter>
    </ClInclude>
    <ClInclude Include="SplitterControl.h">
      <Filter>Header Files</Filter>
    </ClInclude>
    <ClInclude Include="stdafx.h">
      <Filter>Header Files</Filter>
    </ClInclude>
    <ClInclude Include="stringx.h">
      <Filter>Header Files</Filter>
    </ClInclude>
    <ClInclude Include="targetver.h">
      <Filter>Header Files</Filter>
    </ClInclude>
    <ClInclude Include="XUnzip.h">
      <Filter>Header Files</Filter>
    </ClInclude>
    <ClInclude Include="XZip.h">
      <Filter>Header Files</Filter>
    </ClInclude>
    <ClInclude Include="TDCSet.h">
      <Filter>Header Files</Filter>
    </ClInclude>
    <ClInclude Include="Similar.h">
      <Filter>Header Files</Filter>
    </ClInclude>
    <ClInclude Include="PickListDlg.h">
      <Filter>Header Files</Filter>
    </ClInclude>
  </ItemGroup>
  <ItemGroup>
    <Image Include="res\DOSCenter.ico">
      <Filter>Resource Files</Filter>
    </Image>
  </ItemGroup>
  <ItemGroup>
    <ResourceCompile Include="DOSCenter.rc">
      <Filter>Resource Files</Filter>
    </ResourceCompile>
  </ItemGroup>
  <ItemGroup>
    <Text Include="ReadMe.txt" />
  </ItemGroup>
</Project>